
Microsoft Visual Studio Solution File, Format Version 12.00
# Visual Studio 15
VisualStudioVersion = 15.0.27703.2047
MinimumVisualStudioVersion = 10.0.40219.1
Project("{FAE04EC0-301F-11D3-BF4B-00C04F79EFBC}") = "ConsoleApp4", "ConsoleApp4\ConsoleApp4.csproj", "{411DBC7D-165F-4DF6-9E41-97CF8ACF2256}"
EndProject
Global
	GlobalSection(SolutionConfigurationPlatforms) = preSolution
		Debug|Any CPU = Debug|Any CPU
		Release|Any CPU = Release|Any CPU
	EndGlobalSection
	GlobalSection(ProjectConfigurationPlatforms) = postSolution
		{411DBC7D-165F-4DF6-9E41-97CF8ACF2256}.Debug|Any CPU.ActiveCfg = Debug|Any CPU
		{411DBC7D-165F-4DF6-9E41-97CF8ACF2256}.Debug|Any CPU.Build.0 = Debug|Any CPU
		{411DBC7D-165F-4DF6-9E41-97CF8ACF2256}.Release|Any CPU.ActiveCfg = Release|Any CPU
		{411DBC7D-165F-4DF6-9E41-97CF8ACF2256}.Release|Any CPU.Build.0 = Release|Any CPU
	EndGlobalSection
	GlobalSection(SolutionProperties) = preSolution
		HideSolutionNode = FALSE
	EndGlobalSection
	GlobalSection(ExtensibilityGlobals) = postSolution
		SolutionGuid = {1A82045E-95CB-430D-9C1E-7BBA4B9649F1}
	EndGlobalSection
EndGlobal
